
Microsoft Visual Studio Solution File, Format Version 12.00
# Visual Studio Version 17
VisualStudioVersion = 17.11.35327.3
MinimumVisualStudioVersion = 10.0.40219.1
Project("{9A19103F-16F7-4668-BE54-9A1E7A4F7556}") = "FIGLet", "FIGLet\FIGLet.csproj", "{95F47E11-8653-4A39-AEE4-B25FFB255F37}"
EndProject
Project("{2150E333-8FDC-42A3-9474-1A3956D46DE8}") = "Solution Items", "Solution Items", "{CB83148A-AB11-4E35-ABBF-5AF6D317CB99}"
	ProjectSection(SolutionItems) = preProject
		.gitattributes = .gitattributes
		.gitignore = .gitignore
		LICENSE.txt = LICENSE.txt
		readme.md = readme.md
	EndProjectSection
EndProject
Project("{FAE04EC0-301F-11D3-BF4B-00C04F79EFBC}") = "FIGLet.VisualStudioExtension", "FIGLet.VisualStudioExtension\FIGLet.VisualStudioExtension.csproj", "{E6189E8C-3834-4AB3-81BF-76308527EAF9}"
EndProject
Project("{FAE04EC0-301F-11D3-BF4B-00C04F79EFBC}") = "FIGPrint", "FIGPrint\FIGPrint.csproj", "{8A01FC0B-7CC9-47CD-80D3-D93E563E3995}"
EndProject
Project("{FAE04EC0-301F-11D3-BF4B-00C04F79EFBC}") = "FontGenerator", "FontGenerator\FontGenerator.csproj", "{517617B6-58D2-4AB7-84A1-2DF467C087E3}"
EndProject
Global
	GlobalSection(SolutionConfigurationPlatforms) = preSolution
		Debug|Any CPU = Debug|Any CPU
		Debug|arm64 = Debug|arm64
		Debug|x86 = Debug|x86
		Release|Any CPU = Release|Any CPU
		Release|arm64 = Release|arm64
		Release|x86 = Release|x86
	EndGlobalSection
	GlobalSection(ProjectConfigurationPlatforms) = postSolution
		{95F47E11-8653-4A39-AEE4-B25FFB255F37}.Debug|Any CPU.ActiveCfg = Debug|Any CPU
		{95F47E11-8653-4A39-AEE4-B25FFB255F37}.Debug|Any CPU.Build.0 = Debug|Any CPU
		{95F47E11-8653-4A39-AEE4-B25FFB255F37}.Debug|arm64.ActiveCfg = Debug|Any CPU
		{95F47E11-8653-4A39-AEE4-B25FFB255F37}.Debug|arm64.Build.0 = Debug|Any CPU
		{95F47E11-8653-4A39-AEE4-B25FFB255F37}.Debug|x86.ActiveCfg = Debug|Any CPU
		{95F47E11-8653-4A39-AEE4-B25FFB255F37}.Debug|x86.Build.0 = Debug|Any CPU
		{95F47E11-8653-4A39-AEE4-B25FFB255F37}.Release|Any CPU.ActiveCfg = Release|Any CPU
		{95F47E11-8653-4A39-AEE4-B25FFB255F37}.Release|Any CPU.Build.0 = Release|Any CPU
		{95F47E11-8653-4A39-AEE4-B25FFB255F37}.Release|arm64.ActiveCfg = Release|Any CPU
		{95F47E11-8653-4A39-AEE4-B25FFB255F37}.Release|arm64.Build.0 = Release|Any CPU
		{95F47E11-8653-4A39-AEE4-B25FFB255F37}.Release|x86.ActiveCfg = Release|Any CPU
		{95F47E11-8653-4A39-AEE4-B25FFB255F37}.Release|x86.Build.0 = Release|Any CPU
		{E6189E8C-3834-4AB3-81BF-76308527EAF9}.Debug|Any CPU.ActiveCfg = Debug|Any CPU
		{E6189E8C-3834-4AB3-81BF-76308527EAF9}.Debug|Any CPU.Build.0 = Debug|Any CPU
		{E6189E8C-3834-4AB3-81BF-76308527EAF9}.Debug|arm64.ActiveCfg = Debug|arm64
		{E6189E8C-3834-4AB3-81BF-76308527EAF9}.Debug|arm64.Build.0 = Debug|arm64
		{E6189E8C-3834-4AB3-81BF-76308527EAF9}.Debug|x86.ActiveCfg = Debug|x86
		{E6189E8C-3834-4AB3-81BF-76308527EAF9}.Debug|x86.Build.0 = Debug|x86
		{E6189E8C-3834-4AB3-81BF-76308527EAF9}.Release|Any CPU.ActiveCfg = Release|Any CPU
		{E6189E8C-3834-4AB3-81BF-76308527EAF9}.Release|Any CPU.Build.0 = Release|Any CPU
		{E6189E8C-3834-4AB3-81BF-76308527EAF9}.Release|arm64.ActiveCfg = Release|arm64
		{E6189E8C-3834-4AB3-81BF-76308527EAF9}.Release|arm64.Build.0 = Release|arm64
		{E6189E8C-3834-4AB3-81BF-76308527EAF9}.Release|x86.ActiveCfg = Release|x86
		{E6189E8C-3834-4AB3-81BF-76308527EAF9}.Release|x86.Build.0 = Release|x86
		{8A01FC0B-7CC9-47CD-80D3-D93E563E3995}.Debug|Any CPU.ActiveCfg = Debug|Any CPU
		{8A01FC0B-7CC9-47CD-80D3-D93E563E3995}.Debug|Any CPU.Build.0 = Debug|Any CPU
		{8A01FC0B-7CC9-47CD-80D3-D93E563E3995}.Debug|arm64.ActiveCfg = Debug|Any CPU
		{8A01FC0B-7CC9-47CD-80D3-D93E563E3995}.Debug|arm64.Build.0 = Debug|Any CPU
		{8A01FC0B-7CC9-47CD-80D3-D93E563E3995}.Debug|x86.ActiveCfg = Debug|Any CPU
		{8A01FC0B-7CC9-47CD-80D3-D93E563E3995}.Debug|x86.Build.0 = Debug|Any CPU
		{8A01FC0B-7CC9-47CD-80D3-D93E563E3995}.Release|Any CPU.ActiveCfg = Release|Any CPU
		{8A01FC0B-7CC9-47CD-80D3-D93E563E3995}.Release|Any CPU.Build.0 = Release|Any CPU
		{8A01FC0B-7CC9-47CD-80D3-D93E563E3995}.Release|arm64.ActiveCfg = Release|Any CPU
		{8A01FC0B-7CC9-47CD-80D3-D93E563E3995}.Release|arm64.Build.0 = Release|Any CPU
		{8A01FC0B-7CC9-47CD-80D3-D93E563E3995}.Release|x86.ActiveCfg = Release|Any CPU
		{8A01FC0B-7CC9-47CD-80D3-D93E563E3995}.Release|x86.Build.0 = Release|Any CPU
		{517617B6-58D2-4AB7-84A1-2DF467C087E3}.Debug|Any CPU.ActiveCfg = Debug|Any CPU
		{517617B6-58D2-4AB7-84A1-2DF467C087E3}.Debug|Any CPU.Build.0 = Debug|Any CPU
		{517617B6-58D2-4AB7-84A1-2DF467C087E3}.Debug|arm64.ActiveCfg = Debug|Any CPU
		{517617B6-58D2-4AB7-84A1-2DF467C087E3}.Debug|arm64.Build.0 = Debug|Any CPU
		{517617B6-58D2-4AB7-84A1-2DF467C087E3}.Debug|x86.ActiveCfg = Debug|Any CPU
		{517617B6-58D2-4AB7-84A1-2DF467C087E3}.Debug|x86.Build.0 = Debug|Any CPU
		{517617B6-58D2-4AB7-84A1-2DF467C087E3}.Release|Any CPU.ActiveCfg = Release|Any CPU
		{517617B6-58D2-4AB7-84A1-2DF467C087E3}.Release|Any CPU.Build.0 = Release|Any CPU
		{517617B6-58D2-4AB7-84A1-2DF467C087E3}.Release|arm64.ActiveCfg = Release|Any CPU
		{517617B6-58D2-4AB7-84A1-2DF467C087E3}.Release|arm64.Build.0 = Release|Any CPU
		{517617B6-58D2-4AB7-84A1-2DF467C087E3}.Release|x86.ActiveCfg = Release|Any CPU
		{517617B6-58D2-4AB7-84A1-2DF467C087E3}.Release|x86.Build.0 = Release|Any CPU
	EndGlobalSection
	GlobalSection(SolutionProperties) = preSolution
		HideSolutionNode = FALSE
	EndGlobalSection
	GlobalSection(ExtensibilityGlobals) = postSolution
		SolutionGuid = {95010506-A759-47E0-B507-C7BBCE018F9A}
	EndGlobalSection
EndGlobal
